
Microsoft Visual Studio Solution File, Format Version 12.00
# Visual Studio Version 16
VisualStudioVersion = 16.0.32002.261
MinimumVisualStudioVersion = 10.0.40219.1
Project("{FAE04EC0-301F-11D3-BF4B-00C04F79EFBC}") = "EstruturaForeach_CSharp-14", "EstruturaForeach_CSharp-14\EstruturaForeach_CSharp-14.csproj", "{E17EB843-1207-403E-9389-CABDCDDD9442}"
EndProject
Global
	GlobalSection(SolutionConfigurationPlatforms) = preSolution
		Debug|Any CPU = Debug|Any CPU
		Release|Any CPU = Release|Any CPU
	EndGlobalSection
	GlobalSection(ProjectConfigurationPlatforms) = postSolution
		{E17EB843-1207-403E-9389-CABDCDDD9442}.Debug|Any CPU.ActiveCfg = Debug|Any CPU
		{E17EB843-1207-403E-9389-CABDCDDD9442}.Debug|Any CPU.Build.0 = Debug|Any CPU
		{E17EB843-1207-403E-9389-CABDCDDD9442}.Release|Any CPU.ActiveCfg = Release|Any CPU
		{E17EB843-1207-403E-9389-CABDCDDD9442}.Release|Any CPU.Build.0 = Release|Any CPU
	EndGlobalSection
	GlobalSection(SolutionProperties) = preSolution
		HideSolutionNode = FALSE
	EndGlobalSection
	GlobalSection(ExtensibilityGlobals) = postSolution
		SolutionGuid = {5F6B76D5-BD51-4E1A-B4F9-634CC51C6EAB}
	EndGlobalSection
EndGlobal
